// !$*UTF8*$!
{
	archiveVersion = 1;
	classes = {
	};
	objectVersion = 50;
	objects = {

/* Begin PBXBuildFile section */
		7626F7E42130319D00D635E4 /* AppDelegate.swift in Sources */ = {isa = PBXBuildFile; fileRef = 7626F7E32130319D00D635E4 /* AppDelegate.swift */; };
		7626F7E62130319D00D635E4 /* ViewController.swift in Sources */ = {isa = PBXBuildFile; fileRef = 7626F7E52130319D00D635E4 /* ViewController.swift */; };
		7626F7E92130319D00D635E4 /* Main.storyboard in Resources */ = {isa = PBXBuildFile; fileRef = 7626F7E72130319D00D635E4 /* Main.storyboard */; };
		7626F7EB2130319E00D635E4 /* Assets.xcassets in Resources */ = {isa = PBXBuildFile; fileRef = 7626F7EA2130319E00D635E4 /* Assets.xcassets */; };
		7626F7EE2130319E00D635E4 /* LaunchScreen.storyboard in Resources */ = {isa = PBXBuildFile; fileRef = 7626F7EC2130319E00D635E4 /* LaunchScreen.storyboard */; };
		7626F7F92130319E00D635E4 /* calculatorTests.swift in Sources */ = {isa = PBXBuildFile; fileRef = 7626F7F82130319E00D635E4 /* calculatorTests.swift */; };
		7626F8042130319F00D635E4 /* calculatorUITests.swift in Sources */ = {isa = PBXBuildFile; fileRef = 7626F8032130319F00D635E4 /* calculatorUITests.swift */; };
/* End PBXBuildFile section */

/* Begin PBXContainerItemProxy section */
		7626F7F52130319E00D635E4 /* PBXContainerItemProxy */ = {
			isa = PBXContainerItemProxy;
			containerPortal = 7626F7D82130319D00D635E4 /* Project object */;
			proxyType = 1;
			remoteGlobalIDString = 7626F7DF2130319D00D635E4;
			remoteInfo = calculator;
		};
		7626F8002130319F00D635E4 /* PBXContainerItemProxy */ = {
			isa = PBXContainerItemProxy;
			containerPortal = 7626F7D82130319D00D635E4 /* Project object */;
			proxyType = 1;
			remoteGlobalIDString = 7626F7DF2130319D00D635E4;
			remoteInfo = calculator;
		};
/* End PBXContainerItemProxy section */

/* Begin PBXFileReference section */
		7626F7E02130319D00D635E4 /* calculator.app */ = {isa = PBXFileReference; explicitFileType = wrapper.application; includeInIndex = 0; path = calculator.app; sourceTree = BUILT_PRODUCTS_DIR; };
		7626F7E32130319D00D635E4 /* AppDelegate.swift */ = {isa = PBXFileReference; lastKnownFileType = sourcecode.swift; path = AppDelegate.swift; sourceTree = "<group>"; };
		7626F7E52130319D00D635E4 /* ViewController.swift */ = {isa = PBXFileReference; lastKnownFileType = sourcecode.swift; path = ViewController.swift; sourceTree = "<group>"; };
		7626F7E82130319D00D635E4 /* Base */ = {isa = PBXFileReference; lastKnownFileType = file.storyboard; name = Base; path = Base.lproj/Main.storyboard; sourceTree = "<group>"; };
		7626F7EA2130319E00D635E4 /* Assets.xcassets */ = {isa = PBXFileReference; lastKnownFileType = folder.assetcatalog; path = Assets.xcassets; sourceTree = "<group>"; };
		7626F7ED2130319E00D635E4 /* Base */ = {isa = PBXFileReference; lastKnownFileType = file.storyboard; name = Base; path = Base.lproj/LaunchScreen.storyboard; sourceTree = "<group>"; };
		7626F7EF2130319E00D635E4 /* Info.plist */ = {isa = PBXFileReference; lastKnownFileType = text.plist.xml; path = Info.plist; sourceTree = "<group>"; };
		7626F7F42130319E00D635E4 /* calculatorTests.xctest */ = {isa = PBXFileReference; explicitFileType = wrapper.cfbundle; includeInIndex = 0; path = calculatorTests.xctest; sourceTree = BUILT_PRODUCTS_DIR; };
		7626F7F82130319E00D635E4 /* calculatorTests.swift */ = {isa = PBXFileReference; lastKnownFileType = sourcecode.swift; path = calculatorTests.swift; sourceTree = "<group>"; };
		7626F7FA2130319E00D635E4 /* Info.plist */ = {isa = PBXFileReference; lastKnownFileType = text.plist.xml; path = Info.plist; sourceTree = "<group>"; };
		7626F7FF2130319F00D635E4 /* calculatorUITests.xctest */ = {isa = PBXFileReference; explicitFileType = wrapper.cfbundle; includeInIndex = 0; path = calculatorUITests.xctest; sourceTree = BUILT_PRODUCTS_DIR; };
		7626F8032130319F00D635E4 /* calculatorUITests.swift */ = {isa = PBXFileReference; lastKnownFileType = sourcecode.swift; path = calculatorUITests.swift; sourceTree = "<group>"; };
		7626F8052130319F00D635E4 /* Info.plist */ = {isa = PBXFileReference; lastKnownFileType = text.plist.xml; path = Info.plist; sourceTree = "<group>"; };
/* End PBXFileReference section */

/* Begin PBXFrameworksBuildPhase section */
		7626F7DD2130319D00D635E4 /* Frameworks */ = {
			isa = PBXFrameworksBuildPhase;
			buildActionMask = 2147483647;
			files = (
			);
			runOnlyForDeploymentPostprocessing = 0;
		};
		7626F7F12130319E00D635E4 /* Frameworks */ = {
			isa = PBXFrameworksBuildPhase;
			buildActionMask = 2147483647;
			files = (
			);
			runOnlyForDeploymentPostprocessing = 0;
		};
		7626F7FC2130319F00D635E4 /* Frameworks */ = {
			isa = PBXFrameworksBuildPhase;
			buildActionMask = 2147483647;
			files = (
			);
			runOnlyForDeploymentPostprocessing = 0;
		};
/* End PBXFrameworksBuildPhase section */

/* Begin PBXGroup section */
		7626F7D72130319D00D635E4 = {
			isa = PBXGroup;
			children = (
				7626F7E22130319D00D635E4 /* calculator */,
				7626F7F72130319E00D635E4 /* calculatorTests */,
				7626F8022130319F00D635E4 /* calculatorUITests */,
				7626F7E12130319D00D635E4 /* Products */,
			);
			sourceTree = "<group>";
		};
		7626F7E12130319D00D635E4 /* Products */ = {
			isa = PBXGroup;
			children = (
				7626F7E02130319D00D635E4 /* calculator.app */,
				7626F7F42130319E00D635E4 /* calculatorTests.xctest */,
				7626F7FF2130319F00D635E4 /* calculatorUITests.xctest */,
			);
			name = Products;
			sourceTree = "<group>";
		};
		7626F7E22130319D00D635E4 /* calculator */ = {
			isa = PBXGroup;
			children = (
				7626F7E32130319D00D635E4 /* AppDelegate.swift */,
				7626F7E52130319D00D635E4 /* ViewController.swift */,
				7626F7E72130319D00D635E4 /* Main.storyboard */,
				7626F7EA2130319E00D635E4 /* Assets.xcassets */,
				7626F7EC2130319E00D635E4 /* LaunchScreen.storyboard */,
				7626F7EF2130319E00D635E4 /* Info.plist */,
			);
			path = calculator;
			sourceTree = "<group>";
		};
		7626F7F72130319E00D635E4 /* calculatorTests */ = {
			isa = PBXGroup;
			children = (
				7626F7F82130319E00D635E4 /* calculatorTests.swift */,
				7626F7FA2130319E00D635E4 /* Info.plist */,
			);
			path = calculatorTests;
			sourceTree = "<group>";
		};
		7626F8022130319F00D635E4 /* calculatorUITests */ = {
			isa = PBXGroup;
			children = (
				7626F8032130319F00D635E4 /* calculatorUITests.swift */,
				7626F8052130319F00D635E4 /* Info.plist */,
			);
			path = calculatorUITests;
			sourceTree = "<group>";
		};
/* End PBXGroup section */

/* Begin PBXNativeTarget section */
		7626F7DF2130319D00D635E4 /* calculator */ = {
			isa = PBXNativeTarget;
			buildConfigurationList = 7626F8082130319F00D635E4 /* Build configuration list for PBXNativeTarget "calculator" */;
			buildPhases = (
				7626F7DC2130319D00D635E4 /* Sources */,
				7626F7DD2130319D00D635E4 /* Frameworks */,
				7626F7DE2130319D00D635E4 /* Resources */,
			);
			buildRules = (
			);
			dependencies = (
			);
			name = calculator;
			productName = calculator;
			productReference = 7626F7E02130319D00D635E4 /* calculator.app */;
			productType = "com.apple.product-type.application";
		};
		7626F7F32130319E00D635E4 /* calculatorTests */ = {
			isa = PBXNativeTarget;
			buildConfigurationList = 7626F80B2130319F00D635E4 /* Build configuration list for PBXNativeTarget "calculatorTests" */;
			buildPhases = (
				7626F7F02130319E00D635E4 /* Sources */,
				7626F7F12130319E00D635E4 /* Frameworks */,
				7626F7F22130319E00D635E4 /* Resources */,
			);
			buildRules = (
			);
			dependencies = (
				7626F7F62130319E00D635E4 /* PBXTargetDependency */,
			);
			name = calculatorTests;
			productName = calculatorTests;
			productReference = 7626F7F42130319E00D635E4 /* calculatorTests.xctest */;
			productType = "com.apple.product-type.bundle.unit-test";
		};
		7626F7FE2130319F00D635E4 /* calculatorUITests */ = {
			isa = PBXNativeTarget;
			buildConfigurationList = 7626F80E2130319F00D635E4 /* Build configuration list for PBXNativeTarget "calculatorUITests" */;
			buildPhases = (
				7626F7FB2130319F00D635E4 /* Sources */,
				7626F7FC2130319F00D635E4 /* Frameworks */,
				7626F7FD2130319F00D635E4 /* Resources */,
			);
			buildRules = (
			);
			dependencies = (
				7626F8012130319F00D635E4 /* PBXTargetDependency */,
			);
			name = calculatorUITests;
			productName = calculatorUITests;
			productReference = 7626F7FF2130319F00D635E4 /* calculatorUITests.xctest */;
			productType = "com.apple.product-type.bundle.ui-testing";
		};
/* End PBXNativeTarget section */

/* Begin PBXProject section */
		7626F7D82130319D00D635E4 /* Project object */ = {
			isa = PBXProject;
			attributes = {
				LastSwiftUpdateCheck = 0940;
				LastUpgradeCheck = 0940;
				ORGANIZATIONNAME = "Ensar Kurt";
				TargetAttributes = {
					7626F7DF2130319D00D635E4 = {
						CreatedOnToolsVersion = 9.4.1;
					};
					7626F7F32130319E00D635E4 = {
						CreatedOnToolsVersion = 9.4.1;
						TestTargetID = 7626F7DF2130319D00D635E4;
					};
					7626F7FE2130319F00D635E4 = {
						CreatedOnToolsVersion = 9.4.1;
						TestTargetID = 7626F7DF2130319D00D635E4;
					};
				};
			};
			buildConfigurationList = 7626F7DB2130319D00D635E4 /* Build configuration list for PBXProject "calculator" */;
			compatibilityVersion = "Xcode 9.3";
			developmentRegion = en;
			hasScannedForEncodings = 0;
			knownRegions = (
				en,
				Base,
			);
			mainGroup = 7626F7D72130319D00D635E4;
			productRefGroup = 7626F7E12130319D00D635E4 /* Products */;
			projectDirPath = "";
			projectRoot = "";
			targets = (
				7626F7DF2130319D00D635E4 /* calculator */,
				7626F7F32130319E00D635E4 /* calculatorTests */,
				7626F7FE2130319F00D635E4 /* calculatorUITests */,
			);
		};
/* End PBXProject section */

/* Begin PBXResourcesBuildPhase section */
		7626F7DE2130319D00D635E4 /* Resources */ = {
			isa = PBXResourcesBuildPhase;
			buildActionMask = 2147483647;
			files = (
				7626F7EE2130319E00D635E4 /* LaunchScreen.storyboard in Resources */,
				7626F7EB2130319E00D635E4 /* Assets.xcassets in Resources */,
				7626F7E92130319D00D635E4 /* Main.storyboard in Resources */,
			);
			runOnlyForDeploymentPostprocessing = 0;
		};
		7626F7F22130319E00D635E4 /* Resources */ = {
			isa = PBXResourcesBuildPhase;
			buildActionMask = 2147483647;
			files = (
			);
			runOnlyForDeploymentPostprocessing = 0;
		};
		7626F7FD2130319F00D635E4 /* Resources */ = {
			isa = PBXResourcesBuildPhase;
			buildActionMask = 2147483647;
			files = (
			);
			runOnlyForDeploymentPostprocessing = 0;
		};
/* End PBXResourcesBuildPhase section */

/* Begin PBXSourcesBuildPhase section */
		7626F7DC2130319D00D635E4 /* Sources */ = {
			isa = PBXSourcesBuildPhase;
			buildActionMask = 2147483647;
			files = (
				7626F7E62130319D00D635E4 /* ViewController.swift in Sources */,
				7626F7E42130319D00D635E4 /* AppDelegate.swift in Sources */,
			);
			runOnlyForDeploymentPostprocessing = 0;
		};
		7626F7F02130319E00D635E4 /* Sources */ = {
			isa = PBXSourcesBuildPhase;
			buildActionMask = 2147483647;
			files = (
				7626F7F92130319E00D635E4 /* calculatorTests.swift in Sources */,
			);
			runOnlyForDeploymentPostprocessing = 0;
		};
		7626F7FB2130319F00D635E4 /* Sources */ = {
			isa = PBXSourcesBuildPhase;
			buildActionMask = 2147483647;
			files = (
				7626F8042130319F00D635E4 /* calculatorUITests.swift in Sources */,
			);
			runOnlyForDeploymentPostprocessing = 0;
		};
/* End PBXSourcesBuildPhase section */

/* Begin PBXTargetDependency section */
		7626F7F62130319E00D635E4 /* PBXTargetDependency */ = {
			isa = PBXTargetDependency;
			target = 7626F7DF2130319D00D635E4 /* calculator */;
			targetProxy = 7626F7F52130319E00D635E4 /* PBXContainerItemProxy */;
		};
		7626F8012130319F00D635E4 /* PBXTargetDependency */ = {
			isa = PBXTargetDependency;
			target = 7626F7DF2130319D00D635E4 /* calculator */;
			targetProxy = 7626F8002130319F00D635E4 /* PBXContainerItemProxy */;
		};
/* End PBXTargetDependency section */

/* Begin PBXVariantGroup section */
		7626F7E72130319D00D635E4 /* Main.storyboard */ = {
			isa = PBXVariantGroup;
			children = (
				7626F7E82130319D00D635E4 /* Base */,
			);
			name = Main.storyboard;
			sourceTree = "<group>";
		};
		7626F7EC2130319E00D635E4 /* LaunchScreen.storyboard */ = {
			isa = PBXVariantGroup;
			children = (
				7626F7ED2130319E00D635E4 /* Base */,
			);
			name = LaunchScreen.storyboard;
			sourceTree = "<group>";
		};
/* End PBXVariantGroup section */

/* Begin XCBuildConfiguration section */
		7626F8062130319F00D635E4 /* Debug */ = {
			isa = XCBuildConfiguration;
			buildSettings = {
				ALWAYS_SEARCH_USER_PATHS = NO;
				CLANG_ANALYZER_NONNULL = YES;
				CLANG_ANALYZER_NUMBER_OBJECT_CONVERSION = YES_AGGRESSIVE;
				CLANG_CXX_LANGUAGE_STANDARD = "gnu++14";
				CLANG_CXX_LIBRARY = "libc++";
				CLANG_ENABLE_MODULES = YES;
				CLANG_ENABLE_OBJC_ARC = YES;
				CLANG_ENABLE_OBJC_WEAK = YES;
				CLANG_WARN_BLOCK_CAPTURE_AUTORELEASING = YES;
				CLANG_WARN_BOOL_CONVERSION = YES;
				CLANG_WARN_COMMA = YES;
				CLANG_WARN_CONSTANT_CONVERSION = YES;
				CLANG_WARN_DEPRECATED_OBJC_IMPLEMENTATIONS = YES;
				CLANG_WARN_DIRECT_OBJC_ISA_USAGE = YES_ERROR;
				CLANG_WARN_DOCUMENTATION_COMMENTS = YES;
				CLANG_WARN_EMPTY_BODY = YES;
				CLANG_WARN_ENUM_CONVERSION = YES;
				CLANG_WARN_INFINITE_RECURSION = YES;
				CLANG_WARN_INT_CONVERSION = YES;
				CLANG_WARN_NON_LITERAL_NULL_CONVERSION = YES;
				CLANG_WARN_OBJC_IMPLICIT_RETAIN_SELF = YES;
				CLANG_WARN_OBJC_LITERAL_CONVERSION = YES;
				CLANG_WARN_OBJC_ROOT_CLASS = YES_ERROR;
				CLANG_WARN_RANGE_LOOP_ANALYSIS = YES;
				CLANG_WARN_STRICT_PROTOTYPES = YES;
				CLANG_WARN_SUSPICIOUS_MOVE = YES;
				CLANG_WARN_UNGUARDED_AVAILABILITY = YES_AGGRESSIVE;
				CLANG_WARN_UNREACHABLE_CODE = YES;
				CLANG_WARN__DUPLICATE_METHOD_MATCH = YES;
				CODE_SIGN_IDENTITY = "iPhone Developer";
				COPY_PHASE_STRIP = NO;
				DEBUG_INFORMATION_FORMAT = dwarf;
				ENABLE_STRICT_OBJC_MSGSEND = YES;
				ENABLE_TESTABILITY = YES;
				GCC_C_LANGUAGE_STANDARD = gnu11;
				GCC_DYNAMIC_NO_PIC = NO;
				GCC_NO_COMMON_BLOCKS = YES;
				GCC_OPTIMIZATION_LEVEL = 0;
				GCC_PREPROCESSOR_DEFINITIONS = (
					"DEBUG=1",
					"$(inherited)",
				);
				GCC_WARN_64_TO_32_BIT_CONVERSION = YES;
				GCC_WARN_ABOUT_RETURN_TYPE = YES_ERROR;
				GCC_WARN_UNDECLARED_SELECTOR = YES;
				GCC_WARN_UNINITIALIZED_AUTOS = YES_AGGRESSIVE;
				GCC_WARN_UNUSED_FUNCTION = YES;
				GCC_WARN_UNUSED_VARIABLE = YES;
				IPHONEOS_DEPLOYMENT_TARGET = 11.4;
				MTL_ENABLE_DEBUG_INFO = YES;
				ONLY_ACTIVE_ARCH = YES;
				SDKROOT = iphoneos;
				SWIFT_ACTIVE_COMPILATION_CONDITIONS = DEBUG;
				SWIFT_OPTIMIZATION_LEVEL = "-Onone";
			};
			name = Debug;
		};
		7626F8072130319F00D635E4 /* Release */ = {
			isa = XCBuildConfiguration;
			buildSettings = {
				ALWAYS_SEARCH_USER_PATHS = NO;
				CLANG_ANALYZER_NONNULL = YES;
				CLANG_ANALYZER_NUMBER_OBJECT_CONVERSION = YES_AGGRESSIVE;
				CLANG_CXX_LANGUAGE_STANDARD = "gnu++14";
				CLANG_CXX_LIBRARY = "libc++";
				CLANG_ENABLE_MODULES = YES;
				CLANG_ENABLE_OBJC_ARC = YES;
				CLANG_ENABLE_OBJC_WEAK = YES;
				CLANG_WARN_BLOCK_CAPTURE_AUTORELEASING = YES;
				CLANG_WARN_BOOL_CONVERSION = YES;
				CLANG_WARN_COMMA = YES;
				CLANG_WARN_CONSTANT_CONVERSION = YES;
				CLANG_WARN_DEPRECATED_OBJC_IMPLEMENTATIONS = YES;
				CLANG_WARN_DIRECT_OBJC_ISA_USAGE = YES_ERROR;
				CLANG_WARN_DOCUMENTATION_COMMENTS = YES;
				CLANG_WARN_EMPTY_BODY = YES;
				CLANG_WARN_ENUM_CONVERSION = YES;
				CLANG_WARN_INFINITE_RECURSION = YES;
				CLANG_WARN_INT_CONVERSION = YES;
				CLANG_WARN_NON_LITERAL_NULL_CONVERSION = YES;
				CLANG_WARN_OBJC_IMPLICIT_RETAIN_SELF = YES;
				CLANG_WARN_OBJC_LITERAL_CONVERSION = YES;
				CLANG_WARN_OBJC_ROOT_CLASS = YES_ERROR;
				CLANG_WARN_RANGE_LOOP_ANALYSIS = YES;
				CLANG_WARN_STRICT_PROTOTYPES = YES;
				CLANG_WARN_SUSPICIOUS_MOVE = YES;
				CLANG_WARN_UNGUARDED_AVAILABILITY = YES_AGGRESSIVE;
				CLANG_WARN_UNREACHABLE_CODE = YES;
				CLANG_WARN__DUPLICATE_METHOD_MATCH = YES;
				CODE_SIGN_IDENTITY = "iPhone Developer";
				COPY_PHASE_STRIP = NO;
				DEBUG_INFORMATION_FORMAT = "dwarf-with-dsym";
				ENABLE_NS_ASSERTIONS = NO;
				ENABLE_STRICT_OBJC_MSGSEND = YES;
				GCC_C_LANGUAGE_STANDARD = gnu11;
				GCC_NO_COMMON_BLOCKS = YES;
				GCC_WARN_64_TO_32_BIT_CONVERSION = YES;
				GCC_WARN_ABOUT_RETURN_TYPE = YES_ERROR;
				GCC_WARN_UNDECLARED_SELECTOR = YES;
				GCC_WARN_UNINITIALIZED_AUTOS = YES_AGGRESSIVE;
				GCC_WARN_UNUSED_FUNCTION = YES;
				GCC_WARN_UNUSED_VARIABLE = YES;
				IPHONEOS_DEPLOYMENT_TARGET = 11.4;
				MTL_ENABLE_DEBUG_INFO = NO;
				SDKROOT = iphoneos;
				SWIFT_COMPILATION_MODE = wholemodule;
				SWIFT_OPTIMIZATION_LEVEL = "-O";
				VALIDATE_PRODUCT = YES;
			};
			name = Release;
		};
		7626F8092130319F00D635E4 /* Debug */ = {
			isa = XCBuildConfiguration;
			buildSettings = {
				ASSETCATALOG_COMPILER_APPICON_NAME = AppIcon;
				CODE_SIGN_STYLE = Automatic;
				DEVELOPMENT_TEAM = FP238L9B7G;
				INFOPLIST_FILE = calculator/Info.plist;
				LD_RUNPATH_SEARCH_PATHS = (
					"$(inherited)",
					"@executable_path/Frameworks",
				);
				PRODUCT_BUNDLE_IDENTIFIER = eastersoftware.calculator;
				PRODUCT_NAME = "$(TARGET_NAME)";
				SWIFT_VERSION = 4.0;
				TARGETED_DEVICE_FAMILY = "1,2";
			};
			name = Debug;
		};
		7626F80A2130319F00D635E4 /* Release */ = {
			isa = XCBuildConfiguration;
			buildSettings = {
				ASSETCATALOG_COMPILER_APPICON_NAME = AppIcon;
				CODE_SIGN_STYLE = Automatic;
				DEVELOPMENT_TEAM = FP238L9B7G;
				INFOPLIST_FILE = calculator/Info.plist;
				LD_RUNPATH_SEARCH_PATHS = (
					"$(inherited)",
					"@executable_path/Frameworks",
				);
				PRODUCT_BUNDLE_IDENTIFIER = eastersoftware.calculator;
				PRODUCT_NAME = "$(TARGET_NAME)";
				SWIFT_VERSION = 4.0;
				TARGETED_DEVICE_FAMILY = "1,2";
			};
			name = Release;
		};
		7626F80C2130319F00D635E4 /* Debug */ = {
			isa = XCBuildConfiguration;
			buildSettings = {
				ALWAYS_EMBED_SWIFT_STANDARD_LIBRARIES = YES;
				BUNDLE_LOADER = "$(TEST_HOST)";
				CODE_SIGN_STYLE = Automatic;
				DEVELOPMENT_TEAM = FP238L9B7G;
				INFOPLIST_FILE = calculatorTests/Info.plist;
				LD_RUNPATH_SEARCH_PATHS = (
					"$(inherited)",
					"@executable_path/Frameworks",
					"@loader_path/Frameworks",
				);
				PRODUCT_BUNDLE_IDENTIFIER = eastersoftware.calculatorTests;
				PRODUCT_NAME = "$(TARGET_NAME)";
				SWIFT_VERSION = 4.0;
				TARGETED_DEVICE_FAMILY = "1,2";
				TEST_HOST = "$(BUILT_PRODUCTS_DIR)/calculator.app/calculator";
			};
			name = Debug;
		};
		7626F80D2130319F00D635E4 /* Release */ = {
			isa = XCBuildConfiguration;
			buildSettings = {
				ALWAYS_EMBED_SWIFT_STANDARD_LIBRARIES = YES;
				BUNDLE_LOADER = "$(TEST_HOST)";
				CODE_SIGN_STYLE = Automatic;
				DEVELOPMENT_TEAM = FP238L9B7G;
				INFOPLIST_FILE = calculatorTests/Info.plist;
				LD_RUNPATH_SEARCH_PATHS = (
					"$(inherited)",
					"@executable_path/Frameworks",
					"@loader_path/Frameworks",
				);
				PRODUCT_BUNDLE_IDENTIFIER = eastersoftware.calculatorTests;
				PRODUCT_NAME = "$(TARGET_NAME)";
				SWIFT_VERSION = 4.0;
				TARGETED_DEVICE_FAMILY = "1,2";
				TEST_HOST = "$(BUILT_PRODUCTS_DIR)/calculator.app/calculator";
			};
			name = Release;
		};
		7626F80F2130319F00D635E4 /* Debug */ = {
			isa = XCBuildConfiguration;
			buildSettings = {
				ALWAYS_EMBED_SWIFT_STANDARD_LIBRARIES = YES;
				CODE_SIGN_STYLE = Automatic;
				DEVELOPMENT_TEAM = FP238L9B7G;
				INFOPLIST_FILE = calculatorUITests/Info.plist;
				LD_RUNPATH_SEARCH_PATHS = (
					"$(inherited)",
					"@executable_path/Frameworks",
					"@loader_path/Frameworks",
				);
				PRODUCT_BUNDLE_IDENTIFIER = eastersoftware.calculatorUITests;
				PRODUCT_NAME = "$(TARGET_NAME)";
				SWIFT_VERSION = 4.0;
				TARGETED_DEVICE_FAMILY = "1,2";
				TEST_TARGET_NAME = calculator;
			};
			name = Debug;
		};
		7626F8102130319F00D635E4 /* Release */ = {
			isa = XCBuildConfiguration;
			buildSettings = {
				ALWAYS_EMBED_SWIFT_STANDARD_LIBRARIES = YES;
				CODE_SIGN_STYLE = Automatic;
				DEVELOPMENT_TEAM = FP238L9B7G;
				INFOPLIST_FILE = calculatorUITests/Info.plist;
				LD_RUNPATH_SEARCH_PATHS = (
					"$(inherited)",
					"@executable_path/Frameworks",
					"@loader_path/Frameworks",
				);
				PRODUCT_BUNDLE_IDENTIFIER = eastersoftware.calculatorUITests;
				PRODUCT_NAME = "$(TARGET_NAME)";
				SWIFT_VERSION = 4.0;
				TARGETED_DEVICE_FAMILY = "1,2";
				TEST_TARGET_NAME = calculator;
			};
			name = Release;
		};
/* End XCBuildConfiguration section */

/* Begin XCConfigurationList section */
		7626F7DB2130319D00D635E4 /* Build configuration list for PBXProject "calculator" */ = {
			isa = XCConfigurationList;
			buildConfigurations = (
				7626F8062130319F00D635E4 /* Debug */,
				7626F8072130319F00D635E4 /* Release */,
			);
			defaultConfigurationIsVisible = 0;
			defaultConfigurationName = Release;
		};
		7626F8082130319F00D635E4 /* Build configuration list for PBXNativeTarget "calculator" */ = {
			isa = XCConfigurationList;
			buildConfigurations = (
				7626F8092130319F00D635E4 /* Debug */,
				7626F80A2130319F00D635E4 /* Release */,
			);
			defaultConfigurationIsVisible = 0;
			defaultConfigurationName = Release;
		};
		7626F80B2130319F00D635E4 /* Build configuration list for PBXNativeTarget "calculatorTests" */ = {
			isa = XCConfigurationList;
			buildConfigurations = (
				7626F80C2130319F00D635E4 /* Debug */,
				7626F80D2130319F00D635E4 /* Release */,
			);
			defaultConfigurationIsVisible = 0;
			defaultConfigurationName = Release;
		};
		7626F80E2130319F00D635E4 /* Build configuration list for PBXNativeTarget "calculatorUITests" */ = {
			isa = XCConfigurationList;
			buildConfigurations = (
				7626F80F2130319F00D635E4 /* Debug */,
				7626F8102130319F00D635E4 /* Release */,
			);
			defaultConfigurationIsVisible = 0;
			defaultConfigurationName = Release;
		};
/* End XCConfigurationList section */
	};
	rootObject = 7626F7D82130319D00D635E4 /* Project object */;
}
